// !$*UTF8*$!
{
	archiveVersion = 1;
	classes = {
	};
	objectVersion = 46;
	objects = {

/* Begin PBXBuildFile section */
		AC253B1A1F6E53FE002216E4 /* BaseViewController.m in Sources */ = {isa = PBXBuildFile; fileRef = AC253B191F6E53FE002216E4 /* BaseViewController.m */; };
		AC253B1F1F6EA103002216E4 /* animator.m in Sources */ = {isa = PBXBuildFile; fileRef = AC253B1E1F6EA103002216E4 /* animator.m */; };
		AC253B221F6EA3DE002216E4 /* cycleAnimator.m in Sources */ = {isa = PBXBuildFile; fileRef = AC253B211F6EA3DE002216E4 /* cycleAnimator.m */; };
		ACF119ED1F56D4D1007F2D55 /* main.m in Sources */ = {isa = PBXBuildFile; fileRef = ACF119EC1F56D4D1007F2D55 /* main.m */; };
		ACF119F01F56D4D1007F2D55 /* AppDelegate.m in Sources */ = {isa = PBXBuildFile; fileRef = ACF119EF1F56D4D1007F2D55 /* AppDelegate.m */; };
		ACF119F31F56D4D1007F2D55 /* ViewController.m in Sources */ = {isa = PBXBuildFile; fileRef = ACF119F21F56D4D1007F2D55 /* ViewController.m */; };
		ACF119F61F56D4D1007F2D55 /* Main.storyboard in Resources */ = {isa = PBXBuildFile; fileRef = ACF119F41F56D4D1007F2D55 /* Main.storyboard */; };
		ACF119F81F56D4D1007F2D55 /* Assets.xcassets in Resources */ = {isa = PBXBuildFile; fileRef = ACF119F71F56D4D1007F2D55 /* Assets.xcassets */; };
		ACF119FB1F56D4D1007F2D55 /* LaunchScreen.storyboard in Resources */ = {isa = PBXBuildFile; fileRef = ACF119F91F56D4D1007F2D55 /* LaunchScreen.storyboard */; };
		ACF11A031F56D65F007F2D55 /* Sports.storyboard in Resources */ = {isa = PBXBuildFile; fileRef = ACF11A021F56D65F007F2D55 /* Sports.storyboard */; };
		ACF11A061F56D68F007F2D55 /* HMSportsViewController.m in Sources */ = {isa = PBXBuildFile; fileRef = ACF11A051F56D68F007F2D55 /* HMSportsViewController.m */; };
		ACF43C781F6BBCD800759D70 /* HMMapViewController.m in Sources */ = {isa = PBXBuildFile; fileRef = ACF43C771F6BBCD800759D70 /* HMMapViewController.m */; };
		ACF43C7B1F6BC11400759D70 /* MapKit.framework in Frameworks */ = {isa = PBXBuildFile; fileRef = ACF43C7A1F6BC11400759D70 /* MapKit.framework */; };
		ACF43C7D1F6BC15900759D70 /* CoreLocation.framework in Frameworks */ = {isa = PBXBuildFile; fileRef = ACF43C7C1F6BC15900759D70 /* CoreLocation.framework */; };
/* End PBXBuildFile section */

/* Begin PBXFileReference section */
		AC253B181F6E53FE002216E4 /* BaseViewController.h */ = {isa = PBXFileReference; fileEncoding = 4; lastKnownFileType = sourcecode.c.h; path = BaseViewController.h; sourceTree = "<group>"; };
		AC253B191F6E53FE002216E4 /* BaseViewController.m */ = {isa = PBXFileReference; fileEncoding = 4; lastKnownFileType = sourcecode.c.objc; path = BaseViewController.m; sourceTree = "<group>"; };
		AC253B1D1F6EA103002216E4 /* animator.h */ = {isa = PBXFileReference; fileEncoding = 4; lastKnownFileType = sourcecode.c.h; path = animator.h; sourceTree = "<group>"; };
		AC253B1E1F6EA103002216E4 /* animator.m */ = {isa = PBXFileReference; fileEncoding = 4; lastKnownFileType = sourcecode.c.objc; path = animator.m; sourceTree = "<group>"; };
		AC253B201F6EA3DE002216E4 /* cycleAnimator.h */ = {isa = PBXFileReference; fileEncoding = 4; lastKnownFileType = sourcecode.c.h; path = cycleAnimator.h; sourceTree = "<group>"; };
		AC253B211F6EA3DE002216E4 /* cycleAnimator.m */ = {isa = PBXFileReference; fileEncoding = 4; lastKnownFileType = sourcecode.c.objc; path = cycleAnimator.m; sourceTree = "<group>"; };
		ACF119E81F56D4D1007F2D55 /* 3+2按钮.app */ = {isa = PBXFileReference; explicitFileType = wrapper.application; includeInIndex = 0; path = "3+2按钮.app"; sourceTree = BUILT_PRODUCTS_DIR; };
		ACF119EC1F56D4D1007F2D55 /* main.m */ = {isa = PBXFileReference; lastKnownFileType = sourcecode.c.objc; path = main.m; sourceTree = "<group>"; };
		ACF119EE1F56D4D1007F2D55 /* AppDelegate.h */ = {isa = PBXFileReference; lastKnownFileType = sourcecode.c.h; path = AppDelegate.h; sourceTree = "<group>"; };
		ACF119EF1F56D4D1007F2D55 /* AppDelegate.m */ = {isa = PBXFileReference; lastKnownFileType = sourcecode.c.objc; path = AppDelegate.m; sourceTree = "<group>"; };
		ACF119F11F56D4D1007F2D55 /* ViewController.h */ = {isa = PBXFileReference; lastKnownFileType = sourcecode.c.h; path = ViewController.h; sourceTree = "<group>"; };
		ACF119F21F56D4D1007F2D55 /* ViewController.m */ = {isa = PBXFileReference; lastKnownFileType = sourcecode.c.objc; path = ViewController.m; sourceTree = "<group>"; };
		ACF119F51F56D4D1007F2D55 /* Base */ = {isa = PBXFileReference; lastKnownFileType = file.storyboard; name = Base; path = Base.lproj/Main.storyboard; sourceTree = "<group>"; };
		ACF119F71F56D4D1007F2D55 /* Assets.xcassets */ = {isa = PBXFileReference; lastKnownFileType = folder.assetcatalog; path = Assets.xcassets; sourceTree = "<group>"; };
		ACF119FA1F56D4D1007F2D55 /* Base */ = {isa = PBXFileReference; lastKnownFileType = file.storyboard; name = Base; path = Base.lproj/LaunchScreen.storyboard; sourceTree = "<group>"; };
		ACF119FC1F56D4D1007F2D55 /* Info.plist */ = {isa = PBXFileReference; lastKnownFileType = text.plist.xml; path = Info.plist; sourceTree = "<group>"; };
		ACF11A021F56D65F007F2D55 /* Sports.storyboard */ = {isa = PBXFileReference; fileEncoding = 4; lastKnownFileType = file.storyboard; path = Sports.storyboard; sourceTree = "<group>"; };
		ACF11A041F56D68F007F2D55 /* HMSportsViewController.h */ = {isa = PBXFileReference; fileEncoding = 4; lastKnownFileType = sourcecode.c.h; path = HMSportsViewController.h; sourceTree = "<group>"; };
		ACF11A051F56D68F007F2D55 /* HMSportsViewController.m */ = {isa = PBXFileReference; fileEncoding = 4; lastKnownFileType = sourcecode.c.objc; path = HMSportsViewController.m; sourceTree = "<group>"; };
		ACF43C761F6BBCD800759D70 /* HMMapViewController.h */ = {isa = PBXFileReference; fileEncoding = 4; lastKnownFileType = sourcecode.c.h; path = HMMapViewController.h; sourceTree = "<group>"; };
		ACF43C771F6BBCD800759D70 /* HMMapViewController.m */ = {isa = PBXFileReference; fileEncoding = 4; lastKnownFileType = sourcecode.c.objc; path = HMMapViewController.m; sourceTree = "<group>"; };
		ACF43C7A1F6BC11400759D70 /* MapKit.framework */ = {isa = PBXFileReference; lastKnownFileType = wrapper.framework; name = MapKit.framework; path = System/Library/Frameworks/MapKit.framework; sourceTree = SDKROOT; };
		ACF43C7C1F6BC15900759D70 /* CoreLocation.framework */ = {isa = PBXFileReference; lastKnownFileType = wrapper.framework; name = CoreLocation.framework; path = System/Library/Frameworks/CoreLocation.framework; sourceTree = SDKROOT; };
/* End PBXFileReference section */

/* Begin PBXFrameworksBuildPhase section */
		ACF119E51F56D4D1007F2D55 /* Frameworks */ = {
			isa = PBXFrameworksBuildPhase;
			buildActionMask = 2147483647;
			files = (
				ACF43C7D1F6BC15900759D70 /* CoreLocation.framework in Frameworks */,
				ACF43C7B1F6BC11400759D70 /* MapKit.framework in Frameworks */,
			);
			runOnlyForDeploymentPostprocessing = 0;
		};
/* End PBXFrameworksBuildPhase section */

/* Begin PBXGroup section */
		AC253B171F6E53E5002216E4 /* HMBase */ = {
			isa = PBXGroup;
			children = (
				AC253B181F6E53FE002216E4 /* BaseViewController.h */,
				AC253B191F6E53FE002216E4 /* BaseViewController.m */,
			);
			path = HMBase;
			sourceTree = "<group>";
		};
		AC253B1C1F6EA0E8002216E4 /* animator */ = {
			isa = PBXGroup;
			children = (
				AC253B1D1F6EA103002216E4 /* animator.h */,
				AC253B1E1F6EA103002216E4 /* animator.m */,
				AC253B201F6EA3DE002216E4 /* cycleAnimator.h */,
				AC253B211F6EA3DE002216E4 /* cycleAnimator.m */,
			);
			name = animator;
			path = HMAnimator;
			sourceTree = "<group>";
		};
		ACF119DF1F56D4D1007F2D55 = {
			isa = PBXGroup;
			children = (
				ACF119EA1F56D4D1007F2D55 /* 3+2按钮 */,
				ACF119E91F56D4D1007F2D55 /* Products */,
				ACF43C791F6BC11400759D70 /* Frameworks */,
			);
			sourceTree = "<group>";
		};
		ACF119E91F56D4D1007F2D55 /* Products */ = {
			isa = PBXGroup;
			children = (
				ACF119E81F56D4D1007F2D55 /* 3+2按钮.app */,
			);
			name = Products;
			sourceTree = "<group>";
		};
		ACF119EA1F56D4D1007F2D55 /* 3+2按钮 */ = {
			isa = PBXGroup;
			children = (
				AC253B171F6E53E5002216E4 /* HMBase */,
				AC253B1C1F6EA0E8002216E4 /* animator */,
				ACF11A041F56D68F007F2D55 /* HMSportsViewController.h */,
				ACF11A051F56D68F007F2D55 /* HMSportsViewController.m */,
				ACF43C761F6BBCD800759D70 /* HMMapViewController.h */,
				ACF43C771F6BBCD800759D70 /* HMMapViewController.m */,
				ACF11A021F56D65F007F2D55 /* Sports.storyboard */,
				ACF119EE1F56D4D1007F2D55 /* AppDelegate.h */,
				ACF119EF1F56D4D1007F2D55 /* AppDelegate.m */,
				ACF119F11F56D4D1007F2D55 /* ViewController.h */,
				ACF119F21F56D4D1007F2D55 /* ViewController.m */,
				ACF119F41F56D4D1007F2D55 /* Main.storyboard */,
				ACF119F71F56D4D1007F2D55 /* Assets.xcassets */,
				ACF119F91F56D4D1007F2D55 /* LaunchScreen.storyboard */,
				ACF119FC1F56D4D1007F2D55 /* Info.plist */,
				ACF119EB1F56D4D1007F2D55 /* Supporting Files */,
			);
			path = "3+2按钮";
			sourceTree = "<group>";
		};
		ACF119EB1F56D4D1007F2D55 /* Supporting Files */ = {
			isa = PBXGroup;
			children = (
				ACF119EC1F56D4D1007F2D55 /* main.m */,
			);
			name = "Supporting Files";
			sourceTree = "<group>";
		};
		ACF43C791F6BC11400759D70 /* Frameworks */ = {
			isa = PBXGroup;
			children = (
				ACF43C7C1F6BC15900759D70 /* CoreLocation.framework */,
				ACF43C7A1F6BC11400759D70 /* MapKit.framework */,
			);
			name = Frameworks;
			sourceTree = "<group>";
		};
/* End PBXGroup section */

/* Begin PBXNativeTarget section */
		ACF119E71F56D4D1007F2D55 /* 3+2按钮 */ = {
			isa = PBXNativeTarget;
			buildConfigurationList = ACF119FF1F56D4D1007F2D55 /* Build configuration list for PBXNativeTarget "3+2按钮" */;
			buildPhases = (
				ACF119E41F56D4D1007F2D55 /* Sources */,
				ACF119E51F56D4D1007F2D55 /* Frameworks */,
				ACF119E61F56D4D1007F2D55 /* Resources */,
			);
			buildRules = (
			);
			dependencies = (
			);
			name = "3+2按钮";
			productName = "3+2按钮";
			productReference = ACF119E81F56D4D1007F2D55 /* 3+2按钮.app */;
			productType = "com.apple.product-type.application";
		};
/* End PBXNativeTarget section */

/* Begin PBXProject section */
		ACF119E01F56D4D1007F2D55 /* Project object */ = {
			isa = PBXProject;
			attributes = {
				LastUpgradeCheck = 0830;
				ORGANIZATIONNAME = mei;
				TargetAttributes = {
					ACF119E71F56D4D1007F2D55 = {
						CreatedOnToolsVersion = 8.3.3;
						ProvisioningStyle = Automatic;
					};
				};
			};
			buildConfigurationList = ACF119E31F56D4D1007F2D55 /* Build configuration list for PBXProject "3+2按钮" */;
			compatibilityVersion = "Xcode 3.2";
			developmentRegion = English;
			hasScannedForEncodings = 0;
			knownRegions = (
				en,
				Base,
			);
			mainGroup = ACF119DF1F56D4D1007F2D55;
			productRefGroup = ACF119E91F56D4D1007F2D55 /* Products */;
			projectDirPath = "";
			projectRoot = "";
			targets = (
				ACF119E71F56D4D1007F2D55 /* 3+2按钮 */,
			);
		};
/* End PBXProject section */

/* Begin PBXResourcesBuildPhase section */
		ACF119E61F56D4D1007F2D55 /* Resources */ = {
			isa = PBXResourcesBuildPhase;
			buildActionMask = 2147483647;
			files = (
				ACF119FB1F56D4D1007F2D55 /* LaunchScreen.storyboard in Resources */,
				ACF119F81F56D4D1007F2D55 /* Assets.xcassets in Resources */,
				ACF119F61F56D4D1007F2D55 /* Main.storyboard in Resources */,
				ACF11A031F56D65F007F2D55 /* Sports.storyboard in Resources */,
			);
			runOnlyForDeploymentPostprocessing = 0;
		};
/* End PBXResourcesBuildPhase section */

/* Begin PBXSourcesBuildPhase section */
		ACF119E41F56D4D1007F2D55 /* Sources */ = {
			isa = PBXSourcesBuildPhase;
			buildActionMask = 2147483647;
			files = (
				AC253B1F1F6EA103002216E4 /* animator.m in Sources */,
				ACF119F31F56D4D1007F2D55 /* ViewController.m in Sources */,
				AC253B221F6EA3DE002216E4 /* cycleAnimator.m in Sources */,
				ACF43C781F6BBCD800759D70 /* HMMapViewController.m in Sources */,
				ACF119F01F56D4D1007F2D55 /* AppDelegate.m in Sources */,
				ACF11A061F56D68F007F2D55 /* HMSportsViewController.m in Sources */,
				AC253B1A1F6E53FE002216E4 /* BaseViewController.m in Sources */,
				ACF119ED1F56D4D1007F2D55 /* main.m in Sources */,
			);
			runOnlyForDeploymentPostprocessing = 0;
		};
/* End PBXSourcesBuildPhase section */

/* Begin PBXVariantGroup section */
		ACF119F41F56D4D1007F2D55 /* Main.storyboard */ = {
			isa = PBXVariantGroup;
			children = (
				ACF119F51F56D4D1007F2D55 /* Base */,
			);
			name = Main.storyboard;
			sourceTree = "<group>";
		};
		ACF119F91F56D4D1007F2D55 /* LaunchScreen.storyboard */ = {
			isa = PBXVariantGroup;
			children = (
				ACF119FA1F56D4D1007F2D55 /* Base */,
			);
			name = LaunchScreen.storyboard;
			sourceTree = "<group>";
		};
/* End PBXVariantGroup section */

/* Begin XCBuildConfiguration section */
		ACF119FD1F56D4D1007F2D55 /* Debug */ = {
			isa = XCBuildConfiguration;
			buildSettings = {
				ALWAYS_SEARCH_USER_PATHS = NO;
				CLANG_ANALYZER_NONNULL = YES;
				CLANG_ANALYZER_NUMBER_OBJECT_CONVERSION = YES_AGGRESSIVE;
				CLANG_CXX_LANGUAGE_STANDARD = "gnu++0x";
				CLANG_CXX_LIBRARY = "libc++";
				CLANG_ENABLE_MODULES = YES;
				CLANG_ENABLE_OBJC_ARC = YES;
				CLANG_WARN_BOOL_CONVERSION = YES;
				CLANG_WARN_CONSTANT_CONVERSION = YES;
				CLANG_WARN_DIRECT_OBJC_ISA_USAGE = YES_ERROR;
				CLANG_WARN_DOCUMENTATION_COMMENTS = YES;
				CLANG_WARN_EMPTY_BODY = YES;
				CLANG_WARN_ENUM_CONVERSION = YES;
				CLANG_WARN_INFINITE_RECURSION = YES;
				CLANG_WARN_INT_CONVERSION = YES;
				CLANG_WARN_OBJC_ROOT_CLASS = YES_ERROR;
				CLANG_WARN_SUSPICIOUS_MOVE = YES;
				CLANG_WARN_UNREACHABLE_CODE = YES;
				CLANG_WARN__DUPLICATE_METHOD_MATCH = YES;
				"CODE_SIGN_IDENTITY[sdk=iphoneos*]" = "iPhone Developer";
				COPY_PHASE_STRIP = NO;
				DEBUG_INFORMATION_FORMAT = dwarf;
				ENABLE_STRICT_OBJC_MSGSEND = YES;
				ENABLE_TESTABILITY = YES;
				GCC_C_LANGUAGE_STANDARD = gnu99;
				GCC_DYNAMIC_NO_PIC = NO;
				GCC_NO_COMMON_BLOCKS = YES;
				GCC_OPTIMIZATION_LEVEL = 0;
				GCC_PREPROCESSOR_DEFINITIONS = (
					"DEBUG=1",
					"$(inherited)",
				);
				GCC_WARN_64_TO_32_BIT_CONVERSION = YES;
				GCC_WARN_ABOUT_RETURN_TYPE = YES_ERROR;
				GCC_WARN_UNDECLARED_SELECTOR = YES;
				GCC_WARN_UNINITIALIZED_AUTOS = YES_AGGRESSIVE;
				GCC_WARN_UNUSED_FUNCTION = YES;
				GCC_WARN_UNUSED_VARIABLE = YES;
				IPHONEOS_DEPLOYMENT_TARGET = 10.3;
				MTL_ENABLE_DEBUG_INFO = YES;
				ONLY_ACTIVE_ARCH = YES;
				SDKROOT = iphoneos;
			};
			name = Debug;
		};
		ACF119FE1F56D4D1007F2D55 /* Release */ = {
			isa = XCBuildConfiguration;
			buildSettings = {
				ALWAYS_SEARCH_USER_PATHS = NO;
				CLANG_ANALYZER_NONNULL = YES;
				CLANG_ANALYZER_NUMBER_OBJECT_CONVERSION = YES_AGGRESSIVE;
				CLANG_CXX_LANGUAGE_STANDARD = "gnu++0x";
				CLANG_CXX_LIBRARY = "libc++";
				CLANG_ENABLE_MODULES = YES;
				CLANG_ENABLE_OBJC_ARC = YES;
				CLANG_WARN_BOOL_CONVERSION = YES;
				CLANG_WARN_CONSTANT_CONVERSION = YES;
				CLANG_WARN_DIRECT_OBJC_ISA_USAGE = YES_ERROR;
				CLANG_WARN_DOCUMENTATION_COMMENTS = YES;
				CLANG_WARN_EMPTY_BODY = YES;
				CLANG_WARN_ENUM_CONVERSION = YES;
				CLANG_WARN_INFINITE_RECURSION = YES;
				CLANG_WARN_INT_CONVERSION = YES;
				CLANG_WARN_OBJC_ROOT_CLASS = YES_ERROR;
				CLANG_WARN_SUSPICIOUS_MOVE = YES;
				CLANG_WARN_UNREACHABLE_CODE = YES;
				CLANG_WARN__DUPLICATE_METHOD_MATCH = YES;
				"CODE_SIGN_IDENTITY[sdk=iphoneos*]" = "iPhone Developer";
				COPY_PHASE_STRIP = NO;
				DEBUG_INFORMATION_FORMAT = "dwarf-with-dsym";
				ENABLE_NS_ASSERTIONS = NO;
				ENABLE_STRICT_OBJC_MSGSEND = YES;
				GCC_C_LANGUAGE_STANDARD = gnu99;
				GCC_NO_COMMON_BLOCKS = YES;
				GCC_WARN_64_TO_32_BIT_CONVERSION = YES;
				GCC_WARN_ABOUT_RETURN_TYPE = YES_ERROR;
				GCC_WARN_UNDECLARED_SELECTOR = YES;
				GCC_WARN_UNINITIALIZED_AUTOS = YES_AGGRESSIVE;
				GCC_WARN_UNUSED_FUNCTION = YES;
				GCC_WARN_UNUSED_VARIABLE = YES;
				IPHONEOS_DEPLOYMENT_TARGET = 10.3;
				MTL_ENABLE_DEBUG_INFO = NO;
				SDKROOT = iphoneos;
				VALIDATE_PRODUCT = YES;
			};
			name = Release;
		};
		ACF11A001F56D4D1007F2D55 /* Debug */ = {
			isa = XCBuildConfiguration;
			buildSettings = {
				ASSETCATALOG_COMPILER_APPICON_NAME = AppIcon;
				INFOPLIST_FILE = "3+2按钮/Info.plist";
				LD_RUNPATH_SEARCH_PATHS = "$(inherited) @executable_path/Frameworks";
				PRODUCT_BUNDLE_IDENTIFIER = "com.mycompany.--2--";
				PRODUCT_NAME = "$(TARGET_NAME)";
			};
			name = Debug;
		};
		ACF11A011F56D4D1007F2D55 /* Release */ = {
			isa = XCBuildConfiguration;
			buildSettings = {
				ASSETCATALOG_COMPILER_APPICON_NAME = AppIcon;
				INFOPLIST_FILE = "3+2按钮/Info.plist";
				LD_RUNPATH_SEARCH_PATHS = "$(inherited) @executable_path/Frameworks";
				PRODUCT_BUNDLE_IDENTIFIER = "com.mycompany.--2--";
				PRODUCT_NAME = "$(TARGET_NAME)";
			};
			name = Release;
		};
/* End XCBuildConfiguration section */

/* Begin XCConfigurationList section */
		ACF119E31F56D4D1007F2D55 /* Build configuration list for PBXProject "3+2按钮" */ = {
			isa = XCConfigurationList;
			buildConfigurations = (
				ACF119FD1F56D4D1007F2D55 /* Debug */,
				ACF119FE1F56D4D1007F2D55 /* Release */,
			);
			defaultConfigurationIsVisible = 0;
			defaultConfigurationName = Release;
		};
		ACF119FF1F56D4D1007F2D55 /* Build configuration list for PBXNativeTarget "3+2按钮" */ = {
			isa = XCConfigurationList;
			buildConfigurations = (
				ACF11A001F56D4D1007F2D55 /* Debug */,
				ACF11A011F56D4D1007F2D55 /* Release */,
			);
			defaultConfigurationIsVisible = 0;
			defaultConfigurationName = Release;
		};
/* End XCConfigurationList section */
	};
	rootObject = ACF119E01F56D4D1007F2D55 /* Project object */;
}
